// !$*UTF8*$!
{
	archiveVersion = 1;
	classes = {
	};
	objectVersion = 46;
	objects = {

/* Begin PBXBuildFile section */
		0408BBBE1E2AD6DA009AFEF3 /* SettingsVC.swift in Sources */ = {isa = PBXBuildFile; fileRef = 0408BBBD1E2AD6DA009AFEF3 /* SettingsVC.swift */; };
		041410E01E26E91000BEEC5F /* Article.swift in Sources */ = {isa = PBXBuildFile; fileRef = 041410DF1E26E91000BEEC5F /* Article.swift */; };
		041410E21E271E5F00BEEC5F /* WebviewViewController.swift in Sources */ = {isa = PBXBuildFile; fileRef = 041410E11E271E5F00BEEC5F /* WebviewViewController.swift */; };
		041410E41E27236A00BEEC5F /* MenuManager.swift in Sources */ = {isa = PBXBuildFile; fileRef = 041410E31E27236A00BEEC5F /* MenuManager.swift */; };
		041410E61E272ADF00BEEC5F /* BaseCell.xib in Resources */ = {isa = PBXBuildFile; fileRef = 041410E51E272ADF00BEEC5F /* BaseCell.xib */; };
		041410E81E272D3000BEEC5F /* BaseViewCell.swift in Sources */ = {isa = PBXBuildFile; fileRef = 041410E71E272D3000BEEC5F /* BaseViewCell.swift */; };
		045F18621E67A86300614822 /* FavoritesModel.xcdatamodeld in Sources */ = {isa = PBXBuildFile; fileRef = 045F18601E67A86300614822 /* FavoritesModel.xcdatamodeld */; };
		045F18641E67BE3900614822 /* Digital_tech.otf in Resources */ = {isa = PBXBuildFile; fileRef = 045F18631E67BE3900614822 /* Digital_tech.otf */; };
		046D26811E03A79700A4FA2A /* AppDelegate.swift in Sources */ = {isa = PBXBuildFile; fileRef = 046D26801E03A79700A4FA2A /* AppDelegate.swift */; };
		046D26831E03A79700A4FA2A /* ViewController.swift in Sources */ = {isa = PBXBuildFile; fileRef = 046D26821E03A79700A4FA2A /* ViewController.swift */; };
		046D26861E03A79700A4FA2A /* Main.storyboard in Resources */ = {isa = PBXBuildFile; fileRef = 046D26841E03A79700A4FA2A /* Main.storyboard */; };
		046D26881E03A79700A4FA2A /* Assets.xcassets in Resources */ = {isa = PBXBuildFile; fileRef = 046D26871E03A79700A4FA2A /* Assets.xcassets */; };
		046D268B1E03A79700A4FA2A /* LaunchScreen.storyboard in Resources */ = {isa = PBXBuildFile; fileRef = 046D26891E03A79700A4FA2A /* LaunchScreen.storyboard */; };
		046D26931E03B10F00A4FA2A /* ArticleCell.swift in Sources */ = {isa = PBXBuildFile; fileRef = 046D26921E03B10F00A4FA2A /* ArticleCell.swift */; };
		0474A8E21E2C93E8003007FF /* FavoriteCell.swift in Sources */ = {isa = PBXBuildFile; fileRef = 0474A8E11E2C93E8003007FF /* FavoriteCell.swift */; };
		0474A8E41E2C963F003007FF /* FavoriteArticle.swift in Sources */ = {isa = PBXBuildFile; fileRef = 0474A8E31E2C963F003007FF /* FavoriteArticle.swift */; };
		04F158EB1E29985A00F2E3FC /* FavoritesController.swift in Sources */ = {isa = PBXBuildFile; fileRef = 04F158EA1E29985A00F2E3FC /* FavoritesController.swift */; };
/* End PBXBuildFile section */

/* Begin PBXFileReference section */
		0408BBBD1E2AD6DA009AFEF3 /* SettingsVC.swift */ = {isa = PBXFileReference; fileEncoding = 4; lastKnownFileType = sourcecode.swift; path = SettingsVC.swift; sourceTree = "<group>"; };
		041410DF1E26E91000BEEC5F /* Article.swift */ = {isa = PBXFileReference; fileEncoding = 4; lastKnownFileType = sourcecode.swift; path = Article.swift; sourceTree = "<group>"; };
		041410E11E271E5F00BEEC5F /* WebviewViewController.swift */ = {isa = PBXFileReference; fileEncoding = 4; lastKnownFileType = sourcecode.swift; path = WebviewViewController.swift; sourceTree = "<group>"; };
		041410E31E27236A00BEEC5F /* MenuManager.swift */ = {isa = PBXFileReference; fileEncoding = 4; lastKnownFileType = sourcecode.swift; path = MenuManager.swift; sourceTree = "<group>"; };
		041410E51E272ADF00BEEC5F /* BaseCell.xib */ = {isa = PBXFileReference; fileEncoding = 4; lastKnownFileType = file.xib; path = BaseCell.xib; sourceTree = "<group>"; };
		041410E71E272D3000BEEC5F /* BaseViewCell.swift */ = {isa = PBXFileReference; fileEncoding = 4; lastKnownFileType = sourcecode.swift; path = BaseViewCell.swift; sourceTree = "<group>"; };
		045F18611E67A86300614822 /* FavoritesModel.xcdatamodel */ = {isa = PBXFileReference; lastKnownFileType = wrapper.xcdatamodel; path = FavoritesModel.xcdatamodel; sourceTree = "<group>"; };
		045F18631E67BE3900614822 /* Digital_tech.otf */ = {isa = PBXFileReference; lastKnownFileType = file; path = Digital_tech.otf; sourceTree = "<group>"; };
		046D267D1E03A79700A4FA2A /* TechNewsReader.app */ = {isa = PBXFileReference; explicitFileType = wrapper.application; includeInIndex = 0; path = TechNewsReader.app; sourceTree = BUILT_PRODUCTS_DIR; };
		046D26801E03A79700A4FA2A /* AppDelegate.swift */ = {isa = PBXFileReference; lastKnownFileType = sourcecode.swift; path = AppDelegate.swift; sourceTree = "<group>"; };
		046D26821E03A79700A4FA2A /* ViewController.swift */ = {isa = PBXFileReference; lastKnownFileType = sourcecode.swift; path = ViewController.swift; sourceTree = "<group>"; };
		046D26851E03A79700A4FA2A /* Base */ = {isa = PBXFileReference; lastKnownFileType = file.storyboard; name = Base; path = Base.lproj/Main.storyboard; sourceTree = "<group>"; };
		046D26871E03A79700A4FA2A /* Assets.xcassets */ = {isa = PBXFileReference; lastKnownFileType = folder.assetcatalog; path = Assets.xcassets; sourceTree = "<group>"; };
		046D268A1E03A79700A4FA2A /* Base */ = {isa = PBXFileReference; lastKnownFileType = file.storyboard; name = Base; path = Base.lproj/LaunchScreen.storyboard; sourceTree = "<group>"; };
		046D268C1E03A79700A4FA2A /* Info.plist */ = {isa = PBXFileReference; lastKnownFileType = text.plist.xml; path = Info.plist; sourceTree = "<group>"; };
		046D26921E03B10F00A4FA2A /* ArticleCell.swift */ = {isa = PBXFileReference; fileEncoding = 4; lastKnownFileType = sourcecode.swift; path = ArticleCell.swift; sourceTree = "<group>"; };
		0474A8E11E2C93E8003007FF /* FavoriteCell.swift */ = {isa = PBXFileReference; fileEncoding = 4; lastKnownFileType = sourcecode.swift; path = FavoriteCell.swift; sourceTree = "<group>"; };
		0474A8E31E2C963F003007FF /* FavoriteArticle.swift */ = {isa = PBXFileReference; fileEncoding = 4; lastKnownFileType = sourcecode.swift; path = FavoriteArticle.swift; sourceTree = "<group>"; };
		04F158EA1E29985A00F2E3FC /* FavoritesController.swift */ = {isa = PBXFileReference; fileEncoding = 4; lastKnownFileType = sourcecode.swift; path = FavoritesController.swift; sourceTree = "<group>"; };
/* End PBXFileReference section */

/* Begin PBXFrameworksBuildPhase section */
		046D267A1E03A79700A4FA2A /* Frameworks */ = {
			isa = PBXFrameworksBuildPhase;
			buildActionMask = 2147483647;
			files = (
			);
			runOnlyForDeploymentPostprocessing = 0;
		};
/* End PBXFrameworksBuildPhase section */

/* Begin PBXGroup section */
		04193A9B1E28995D00213C99 /* Model */ = {
			isa = PBXGroup;
			children = (
				041410DF1E26E91000BEEC5F /* Article.swift */,
				046D26921E03B10F00A4FA2A /* ArticleCell.swift */,
				041410E71E272D3000BEEC5F /* BaseViewCell.swift */,
				041410E31E27236A00BEEC5F /* MenuManager.swift */,
				0474A8E11E2C93E8003007FF /* FavoriteCell.swift */,
				0474A8E31E2C963F003007FF /* FavoriteArticle.swift */,
			);
			name = Model;
			sourceTree = "<group>";
		};
		04193A9C1E28996400213C99 /* View */ = {
			isa = PBXGroup;
			children = (
				046D26841E03A79700A4FA2A /* Main.storyboard */,
				046D26891E03A79700A4FA2A /* LaunchScreen.storyboard */,
				041410E51E272ADF00BEEC5F /* BaseCell.xib */,
			);
			name = View;
			sourceTree = "<group>";
		};
		04193A9D1E28996A00213C99 /* Controller */ = {
			isa = PBXGroup;
			children = (
				046D26801E03A79700A4FA2A /* AppDelegate.swift */,
				046D26821E03A79700A4FA2A /* ViewController.swift */,
				041410E11E271E5F00BEEC5F /* WebviewViewController.swift */,
				04F158EA1E29985A00F2E3FC /* FavoritesController.swift */,
				0408BBBD1E2AD6DA009AFEF3 /* SettingsVC.swift */,
			);
			name = Controller;
			sourceTree = "<group>";
		};
		046D26741E03A79700A4FA2A = {
			isa = PBXGroup;
			children = (
				046D267F1E03A79700A4FA2A /* TechNewsReader */,
				046D267E1E03A79700A4FA2A /* Products */,
			);
			sourceTree = "<group>";
		};
		046D267E1E03A79700A4FA2A /* Products */ = {
			isa = PBXGroup;
			children = (
				046D267D1E03A79700A4FA2A /* TechNewsReader.app */,
			);
			name = Products;
			sourceTree = "<group>";
		};
		046D267F1E03A79700A4FA2A /* TechNewsReader */ = {
			isa = PBXGroup;
			children = (
				04193A9D1E28996A00213C99 /* Controller */,
				04193A9C1E28996400213C99 /* View */,
				04193A9B1E28995D00213C99 /* Model */,
				046D26871E03A79700A4FA2A /* Assets.xcassets */,
				045F18631E67BE3900614822 /* Digital_tech.otf */,
				046D268C1E03A79700A4FA2A /* Info.plist */,
				045F18601E67A86300614822 /* FavoritesModel.xcdatamodeld */,
			);
			path = TechNewsReader;
			sourceTree = "<group>";
		};
/* End PBXGroup section */

/* Begin PBXNativeTarget section */
		046D267C1E03A79700A4FA2A /* TechNewsReader */ = {
			isa = PBXNativeTarget;
			buildConfigurationList = 046D268F1E03A79700A4FA2A /* Build configuration list for PBXNativeTarget "TechNewsReader" */;
			buildPhases = (
				046D26791E03A79700A4FA2A /* Sources */,
				046D267A1E03A79700A4FA2A /* Frameworks */,
				046D267B1E03A79700A4FA2A /* Resources */,
			);
			buildRules = (
			);
			dependencies = (
			);
			name = TechNewsReader;
			productName = TechNewsReader;
			productReference = 046D267D1E03A79700A4FA2A /* TechNewsReader.app */;
			productType = "com.apple.product-type.application";
		};
/* End PBXNativeTarget section */

/* Begin PBXProject section */
		046D26751E03A79700A4FA2A /* Project object */ = {
			isa = PBXProject;
			attributes = {
				LastSwiftUpdateCheck = 0800;
				LastUpgradeCheck = 0800;
				ORGANIZATIONNAME = AlphaApplications;
				TargetAttributes = {
					046D267C1E03A79700A4FA2A = {
						CreatedOnToolsVersion = 8.0;
						DevelopmentTeam = DUKPL73RD7;
						ProvisioningStyle = Automatic;
					};
				};
			};
			buildConfigurationList = 046D26781E03A79700A4FA2A /* Build configuration list for PBXProject "TechNewsReader" */;
			compatibilityVersion = "Xcode 3.2";
			developmentRegion = English;
			hasScannedForEncodings = 0;
			knownRegions = (
				en,
				Base,
			);
			mainGroup = 046D26741E03A79700A4FA2A;
			productRefGroup = 046D267E1E03A79700A4FA2A /* Products */;
			projectDirPath = "";
			projectRoot = "";
			targets = (
				046D267C1E03A79700A4FA2A /* TechNewsReader */,
			);
		};
/* End PBXProject section */

/* Begin PBXResourcesBuildPhase section */
		046D267B1E03A79700A4FA2A /* Resources */ = {
			isa = PBXResourcesBuildPhase;
			buildActionMask = 2147483647;
			files = (
				041410E61E272ADF00BEEC5F /* BaseCell.xib in Resources */,
				046D268B1E03A79700A4FA2A /* LaunchScreen.storyboard in Resources */,
				046D26881E03A79700A4FA2A /* Assets.xcassets in Resources */,
				046D26861E03A79700A4FA2A /* Main.storyboard in Resources */,
				045F18641E67BE3900614822 /* Digital_tech.otf in Resources */,
			);
			runOnlyForDeploymentPostprocessing = 0;
		};
/* End PBXResourcesBuildPhase section */

/* Begin PBXSourcesBuildPhase section */
		046D26791E03A79700A4FA2A /* Sources */ = {
			isa = PBXSourcesBuildPhase;
			buildActionMask = 2147483647;
			files = (
				041410E41E27236A00BEEC5F /* MenuManager.swift in Sources */,
				0474A8E41E2C963F003007FF /* FavoriteArticle.swift in Sources */,
				041410E81E272D3000BEEC5F /* BaseViewCell.swift in Sources */,
				041410E01E26E91000BEEC5F /* Article.swift in Sources */,
				04F158EB1E29985A00F2E3FC /* FavoritesController.swift in Sources */,
				041410E21E271E5F00BEEC5F /* WebviewViewController.swift in Sources */,
				046D26831E03A79700A4FA2A /* ViewController.swift in Sources */,
				046D26811E03A79700A4FA2A /* AppDelegate.swift in Sources */,
				0474A8E21E2C93E8003007FF /* FavoriteCell.swift in Sources */,
				046D26931E03B10F00A4FA2A /* ArticleCell.swift in Sources */,
				0408BBBE1E2AD6DA009AFEF3 /* SettingsVC.swift in Sources */,
				045F18621E67A86300614822 /* FavoritesModel.xcdatamodeld in Sources */,
			);
			runOnlyForDeploymentPostprocessing = 0;
		};
/* End PBXSourcesBuildPhase section */

/* Begin PBXVariantGroup section */
		046D26841E03A79700A4FA2A /* Main.storyboard */ = {
			isa = PBXVariantGroup;
			children = (
				046D26851E03A79700A4FA2A /* Base */,
			);
			name = Main.storyboard;
			sourceTree = "<group>";
		};
		046D26891E03A79700A4FA2A /* LaunchScreen.storyboard */ = {
			isa = PBXVariantGroup;
			children = (
				046D268A1E03A79700A4FA2A /* Base */,
			);
			name = LaunchScreen.storyboard;
			sourceTree = "<group>";
		};
/* End PBXVariantGroup section */

/* Begin XCBuildConfiguration section */
		046D268D1E03A79700A4FA2A /* Debug */ = {
			isa = XCBuildConfiguration;
			buildSettings = {
				ALWAYS_SEARCH_USER_PATHS = NO;
				CLANG_ANALYZER_NONNULL = YES;
				CLANG_CXX_LANGUAGE_STANDARD = "gnu++0x";
				CLANG_CXX_LIBRARY = "libc++";
				CLANG_ENABLE_MODULES = YES;
				CLANG_ENABLE_OBJC_ARC = YES;
				CLANG_WARN_BOOL_CONVERSION = YES;
				CLANG_WARN_CONSTANT_CONVERSION = YES;
				CLANG_WARN_DIRECT_OBJC_ISA_USAGE = YES_ERROR;
				CLANG_WARN_DOCUMENTATION_COMMENTS = YES;
				CLANG_WARN_EMPTY_BODY = YES;
				CLANG_WARN_ENUM_CONVERSION = YES;
				CLANG_WARN_INFINITE_RECURSION = YES;
				CLANG_WARN_INT_CONVERSION = YES;
				CLANG_WARN_OBJC_ROOT_CLASS = YES_ERROR;
				CLANG_WARN_SUSPICIOUS_MOVES = YES;
				CLANG_WARN_UNREACHABLE_CODE = YES;
				CLANG_WARN__DUPLICATE_METHOD_MATCH = YES;
				"CODE_SIGN_IDENTITY[sdk=iphoneos*]" = "iPhone Developer";
				COPY_PHASE_STRIP = NO;
				DEBUG_INFORMATION_FORMAT = dwarf;
				ENABLE_STRICT_OBJC_MSGSEND = YES;
				ENABLE_TESTABILITY = YES;
				GCC_C_LANGUAGE_STANDARD = gnu99;
				GCC_DYNAMIC_NO_PIC = NO;
				GCC_NO_COMMON_BLOCKS = YES;
				GCC_OPTIMIZATION_LEVEL = 0;
				GCC_PREPROCESSOR_DEFINITIONS = (
					"DEBUG=1",
					"$(inherited)",
				);
				GCC_WARN_64_TO_32_BIT_CONVERSION = YES;
				GCC_WARN_ABOUT_RETURN_TYPE = YES_ERROR;
				GCC_WARN_UNDECLARED_SELECTOR = YES;
				GCC_WARN_UNINITIALIZED_AUTOS = YES_AGGRESSIVE;
				GCC_WARN_UNUSED_FUNCTION = YES;
				GCC_WARN_UNUSED_VARIABLE = YES;
				IPHONEOS_DEPLOYMENT_TARGET = 10.0;
				MTL_ENABLE_DEBUG_INFO = YES;
				ONLY_ACTIVE_ARCH = YES;
				SDKROOT = iphoneos;
				SWIFT_ACTIVE_COMPILATION_CONDITIONS = DEBUG;
				SWIFT_OPTIMIZATION_LEVEL = "-Onone";
			};
			name = Debug;
		};
		046D268E1E03A79700A4FA2A /* Release */ = {
			isa = XCBuildConfiguration;
			buildSettings = {
				ALWAYS_SEARCH_USER_PATHS = NO;
				CLANG_ANALYZER_NONNULL = YES;
				CLANG_CXX_LANGUAGE_STANDARD = "gnu++0x";
				CLANG_CXX_LIBRARY = "libc++";
				CLANG_ENABLE_MODULES = YES;
				CLANG_ENABLE_OBJC_ARC = YES;
				CLANG_WARN_BOOL_CONVERSION = YES;
				CLANG_WARN_CONSTANT_CONVERSION = YES;
				CLANG_WARN_DIRECT_OBJC_ISA_USAGE = YES_ERROR;
				CLANG_WARN_DOCUMENTATION_COMMENTS = YES;
				CLANG_WARN_EMPTY_BODY = YES;
				CLANG_WARN_ENUM_CONVERSION = YES;
				CLANG_WARN_INFINITE_RECURSION = YES;
				CLANG_WARN_INT_CONVERSION = YES;
				CLANG_WARN_OBJC_ROOT_CLASS = YES_ERROR;
				CLANG_WARN_SUSPICIOUS_MOVES = YES;
				CLANG_WARN_UNREACHABLE_CODE = YES;
				CLANG_WARN__DUPLICATE_METHOD_MATCH = YES;
				"CODE_SIGN_IDENTITY[sdk=iphoneos*]" = "iPhone Developer";
				COPY_PHASE_STRIP = NO;
				DEBUG_INFORMATION_FORMAT = "dwarf-with-dsym";
				ENABLE_NS_ASSERTIONS = NO;
				ENABLE_STRICT_OBJC_MSGSEND = YES;
				GCC_C_LANGUAGE_STANDARD = gnu99;
				GCC_NO_COMMON_BLOCKS = YES;
				GCC_WARN_64_TO_32_BIT_CONVERSION = YES;
				GCC_WARN_ABOUT_RETURN_TYPE = YES_ERROR;
				GCC_WARN_UNDECLARED_SELECTOR = YES;
				GCC_WARN_UNINITIALIZED_AUTOS = YES_AGGRESSIVE;
				GCC_WARN_UNUSED_FUNCTION = YES;
				GCC_WARN_UNUSED_VARIABLE = YES;
				IPHONEOS_DEPLOYMENT_TARGET = 10.0;
				MTL_ENABLE_DEBUG_INFO = NO;
				SDKROOT = iphoneos;
				SWIFT_OPTIMIZATION_LEVEL = "-Owholemodule";
				VALIDATE_PRODUCT = YES;
			};
			name = Release;
		};
		046D26901E03A79700A4FA2A /* Debug */ = {
			isa = XCBuildConfiguration;
			buildSettings = {
				ASSETCATALOG_COMPILER_APPICON_NAME = AppIcon;
				DEVELOPMENT_TEAM = DUKPL73RD7;
				INFOPLIST_FILE = TechNewsReader/Info.plist;
				IPHONEOS_DEPLOYMENT_TARGET = 10.0;
				LD_RUNPATH_SEARCH_PATHS = "$(inherited) @executable_path/Frameworks";
				PRODUCT_BUNDLE_IDENTIFIER = MGApps.TechNewsReader;
				PRODUCT_NAME = "$(TARGET_NAME)";
				SWIFT_VERSION = 3.0;
			};
			name = Debug;
		};
		046D26911E03A79700A4FA2A /* Release */ = {
			isa = XCBuildConfiguration;
			buildSettings = {
				ASSETCATALOG_COMPILER_APPICON_NAME = AppIcon;
				DEVELOPMENT_TEAM = DUKPL73RD7;
				INFOPLIST_FILE = TechNewsReader/Info.plist;
				IPHONEOS_DEPLOYMENT_TARGET = 10.0;
				LD_RUNPATH_SEARCH_PATHS = "$(inherited) @executable_path/Frameworks";
				PRODUCT_BUNDLE_IDENTIFIER = MGApps.TechNewsReader;
				PRODUCT_NAME = "$(TARGET_NAME)";
				SWIFT_VERSION = 3.0;
			};
			name = Release;
		};
/* End XCBuildConfiguration section */

/* Begin XCConfigurationList section */
		046D26781E03A79700A4FA2A /* Build configuration list for PBXProject "TechNewsReader" */ = {
			isa = XCConfigurationList;
			buildConfigurations = (
				046D268D1E03A79700A4FA2A /* Debug */,
				046D268E1E03A79700A4FA2A /* Release */,
			);
			defaultConfigurationIsVisible = 0;
			defaultConfigurationName = Release;
		};
		046D268F1E03A79700A4FA2A /* Build configuration list for PBXNativeTarget "TechNewsReader" */ = {
			isa = XCConfigurationList;
			buildConfigurations = (
				046D26901E03A79700A4FA2A /* Debug */,
				046D26911E03A79700A4FA2A /* Release */,
			);
			defaultConfigurationIsVisible = 0;
			defaultConfigurationName = Release;
		};
/* End XCConfigurationList section */

/* Begin XCVersionGroup section */
		045F18601E67A86300614822 /* FavoritesModel.xcdatamodeld */ = {
			isa = XCVersionGroup;
			children = (
				045F18611E67A86300614822 /* FavoritesModel.xcdatamodel */,
			);
			currentVersion = 045F18611E67A86300614822 /* FavoritesModel.xcdatamodel */;
			path = FavoritesModel.xcdatamodeld;
			sourceTree = "<group>";
			versionGroupType = wrapper.xcdatamodel;
		};
/* End XCVersionGroup section */
	};
	rootObject = 046D26751E03A79700A4FA2A /* Project object */;
}
